PODS:
  - Choreo (0.1.0)
  - Disco (0.1.0)
  - lottie-ios (2.5.0)

DEPENDENCIES:
  - Choreo (from `~/Dropbox/shared_code/AnimationLibs/Choreo`)
  - Disco (from `~/Dropbox/shared_code/AnimationLibs/Disco`)
  - lottie-ios

SPEC REPOS:
  https://github.com/cocoapods/specs.git:
    - lottie-ios

EXTERNAL SOURCES:
  Choreo:
    :path: "~/Dropbox/shared_code/AnimationLibs/Choreo"
  Disco:
    :path: "~/Dropbox/shared_code/AnimationLibs/Disco"

SPEC CHECKSUMS:
  Choreo: 775830736a7b1db1a920a88e9197b3431f36cf5a
  Disco: 938b045709ba48eab7df05ecf83ddf7bcb53538f
  lottie-ios: d699fdee68d7b63e721d949388b015fef1aaa4ac

PODFILE CHECKSUM: ca419e02e97f5df562eef656d4c20c10e19e382a

COCOAPODS: 1.5.3
