PODS:
  - Choreo (1.0.0)
  - Disco (1.0.0)
  - lottie-ios (2.5.0)

DEPENDENCIES:
  - Choreo (from `https://github.com/Tylerc230/Choreo.git`, tag `1.0.0`)
  - Disco (from `https://github.com/Tylerc230/Disco.git`, tag `1.0.0`)
  - lottie-ios

SPEC REPOS:
  https://github.com/cocoapods/specs.git:
    - lottie-ios

EXTERNAL SOURCES:
  Choreo:
    :git: https://github.com/Tylerc230/Choreo.git
    :tag: 1.0.0
  Disco:
    :git: https://github.com/Tylerc230/Disco.git
    :tag: 1.0.0

CHECKOUT OPTIONS:
  Choreo:
    :git: https://github.com/Tylerc230/Choreo.git
    :tag: 1.0.0
  Disco:
    :git: https://github.com/Tylerc230/Disco.git
    :tag: 1.0.0

SPEC CHECKSUMS:
  Choreo: 4bf4bca5eb2c77c9324fb039e22498c90fb7e881
  Disco: 5ef0df3b6f9aa34166df10228ae6038dd5618f45
  lottie-ios: d699fdee68d7b63e721d949388b015fef1aaa4ac

PODFILE CHECKSUM: eb2d6cd6d369ee85d9c83304023d586cb9a22680

COCOAPODS: 1.5.3
